// !$*UTF8*$!
{
	archiveVersion = 1;
	classes = {
	};
	objectVersion = 46;
	objects = {

/* Begin PBXBuildFile section */
		9065867F1BBA678900F97F7B /* TreeView.swift in Sources */ = {isa = PBXBuildFile; fileRef = 9065867E1BBA678900F97F7B /* TreeView.swift */; settings = {ASSET_TAGS = (); }; };
		906586811BBA834200F97F7B /* RefreshMountainHeaderView.swift in Sources */ = {isa = PBXBuildFile; fileRef = 906586801BBA834200F97F7B /* RefreshMountainHeaderView.swift */; settings = {ASSET_TAGS = (); }; };
		906586841BBA968600F97F7B /* FlyRefreshView.swift in Sources */ = {isa = PBXBuildFile; fileRef = 906586831BBA968600F97F7B /* FlyRefreshView.swift */; settings = {ASSET_TAGS = (); }; };
		906D383E1B942D1B00665F3E /* main.m in Sources */ = {isa = PBXBuildFile; fileRef = 906D383D1B942D1B00665F3E /* main.m */; };
		906D38411B942D1B00665F3E /* AppDelegate.m in Sources */ = {isa = PBXBuildFile; fileRef = 906D38401B942D1B00665F3E /* AppDelegate.m */; };
		906D38441B942D1B00665F3E /* ViewController.m in Sources */ = {isa = PBXBuildFile; fileRef = 906D38431B942D1B00665F3E /* ViewController.m */; };
		906D38471B942D1B00665F3E /* Main.storyboard in Resources */ = {isa = PBXBuildFile; fileRef = 906D38451B942D1B00665F3E /* Main.storyboard */; };
		906D38491B942D1B00665F3E /* Images.xcassets in Resources */ = {isa = PBXBuildFile; fileRef = 906D38481B942D1B00665F3E /* Images.xcassets */; };
		906D384C1B942D1B00665F3E /* LaunchScreen.xib in Resources */ = {isa = PBXBuildFile; fileRef = 906D384A1B942D1B00665F3E /* LaunchScreen.xib */; };
		906D38631B94391600665F3E /* RefreshMountainHeaderView.m in Sources */ = {isa = PBXBuildFile; fileRef = 906D38621B94391600665F3E /* RefreshMountainHeaderView.m */; };
		908074FA1B9C1A5000DB00E7 /* FlyHeaderView.m in Sources */ = {isa = PBXBuildFile; fileRef = 908074F91B9C1A5000DB00E7 /* FlyHeaderView.m */; };
		908074FD1B9C3AC500DB00E7 /* TreeView.m in Sources */ = {isa = PBXBuildFile; fileRef = 908074FC1B9C3AC500DB00E7 /* TreeView.m */; };
		90DA0D4B1BAFAA6B00EB811B /* CellDataEntity.m in Sources */ = {isa = PBXBuildFile; fileRef = 90DA0D4A1BAFAA6B00EB811B /* CellDataEntity.m */; settings = {ASSET_TAGS = (); }; };
/* End PBXBuildFile section */

/* Begin PBXFileReference section */
		9065867E1BBA678900F97F7B /* TreeView.swift */ = {isa = PBXFileReference; fileEncoding = 4; lastKnownFileType = sourcecode.swift; path = TreeView.swift; sourceTree = "<group>"; };
		906586801BBA834200F97F7B /* RefreshMountainHeaderView.swift */ = {isa = PBXFileReference; fileEncoding = 4; lastKnownFileType = sourcecode.swift; path = RefreshMountainHeaderView.swift; sourceTree = "<group>"; };
		906586831BBA968600F97F7B /* FlyRefreshView.swift */ = {isa = PBXFileReference; fileEncoding = 4; lastKnownFileType = sourcecode.swift; path = FlyRefreshView.swift; sourceTree = "<group>"; };
		906D38381B942D1B00665F3E /* FlyRefreshDemo.app */ = {isa = PBXFileReference; explicitFileType = wrapper.application; includeInIndex = 0; path = FlyRefreshDemo.app; sourceTree = BUILT_PRODUCTS_DIR; };
		906D383C1B942D1B00665F3E /* Info.plist */ = {isa = PBXFileReference; lastKnownFileType = text.plist.xml; path = Info.plist; sourceTree = "<group>"; };
		906D383D1B942D1B00665F3E /* main.m */ = {isa = PBXFileReference; lastKnownFileType = sourcecode.c.objc; path = main.m; sourceTree = "<group>"; };
		906D383F1B942D1B00665F3E /* AppDelegate.h */ = {isa = PBXFileReference; lastKnownFileType = sourcecode.c.h; path = AppDelegate.h; sourceTree = "<group>"; };
		906D38401B942D1B00665F3E /* AppDelegate.m */ = {isa = PBXFileReference; lastKnownFileType = sourcecode.c.objc; path = AppDelegate.m; sourceTree = "<group>"; };
		906D38421B942D1B00665F3E /* ViewController.h */ = {isa = PBXFileReference; lastKnownFileType = sourcecode.c.h; path = ViewController.h; sourceTree = "<group>"; };
		906D38431B942D1B00665F3E /* ViewController.m */ = {isa = PBXFileReference; lastKnownFileType = sourcecode.c.objc; path = ViewController.m; sourceTree = "<group>"; };
		906D38461B942D1B00665F3E /* Base */ = {isa = PBXFileReference; lastKnownFileType = file.storyboard; name = Base; path = Base.lproj/Main.storyboard; sourceTree = "<group>"; };
		906D38481B942D1B00665F3E /* Images.xcassets */ = {isa = PBXFileReference; lastKnownFileType = folder.assetcatalog; path = Images.xcassets; sourceTree = "<group>"; };
		906D384B1B942D1B00665F3E /* Base */ = {isa = PBXFileReference; lastKnownFileType = file.xib; name = Base; path = Base.lproj/LaunchScreen.xib; sourceTree = "<group>"; };
		906D38611B94391600665F3E /* RefreshMountainHeaderView.h */ = {isa = PBXFileReference; fileEncoding = 4; lastKnownFileType = sourcecode.c.h; path = RefreshMountainHeaderView.h; sourceTree = "<group>"; };
		906D38621B94391600665F3E /* RefreshMountainHeaderView.m */ = {isa = PBXFileReference; fileEncoding = 4; lastKnownFileType = sourcecode.c.objc; path = RefreshMountainHeaderView.m; sourceTree = "<group>"; };
		908074F81B9C1A5000DB00E7 /* FlyHeaderView.h */ = {isa = PBXFileReference; fileEncoding = 4; lastKnownFileType = sourcecode.c.h; path = FlyHeaderView.h; sourceTree = "<group>"; };
		908074F91B9C1A5000DB00E7 /* FlyHeaderView.m */ = {isa = PBXFileReference; fileEncoding = 4; lastKnownFileType = sourcecode.c.objc; path = FlyHeaderView.m; sourceTree = "<group>"; };
		908074FB1B9C3AC500DB00E7 /* TreeView.h */ = {isa = PBXFileReference; fileEncoding = 4; lastKnownFileType = sourcecode.c.h; path = TreeView.h; sourceTree = "<group>"; };
		908074FC1B9C3AC500DB00E7 /* TreeView.m */ = {isa = PBXFileReference; fileEncoding = 4; lastKnownFileType = sourcecode.c.objc; path = TreeView.m; sourceTree = "<group>"; };
		90DA0D491BAFAA6B00EB811B /* CellDataEntity.h */ = {isa = PBXFileReference; fileEncoding = 4; lastKnownFileType = sourcecode.c.h; path = CellDataEntity.h; sourceTree = "<group>"; };
		90DA0D4A1BAFAA6B00EB811B /* CellDataEntity.m */ = {isa = PBXFileReference; fileEncoding = 4; lastKnownFileType = sourcecode.c.objc; path = CellDataEntity.m; sourceTree = "<group>"; };
/* End PBXFileReference section */

/* Begin PBXFrameworksBuildPhase section */
		906D38351B942D1B00665F3E /* Frameworks */ = {
			isa = PBXFrameworksBuildPhase;
			buildActionMask = 2147483647;
			files = (
			);
			runOnlyForDeploymentPostprocessing = 0;
		};
/* End PBXFrameworksBuildPhase section */

/* Begin PBXGroup section */
		90625B111B9ED60200F056CE /* FlyRefreshView */ = {
			isa = PBXGroup;
			children = (
				908074F81B9C1A5000DB00E7 /* FlyHeaderView.h */,
				908074F91B9C1A5000DB00E7 /* FlyHeaderView.m */,
				906D38611B94391600665F3E /* RefreshMountainHeaderView.h */,
				906D38621B94391600665F3E /* RefreshMountainHeaderView.m */,
				908074FB1B9C3AC500DB00E7 /* TreeView.h */,
				908074FC1B9C3AC500DB00E7 /* TreeView.m */,
			);
			path = FlyRefreshView;
			sourceTree = "<group>";
		};
		906586821BBA906900F97F7B /* Swfit-version */ = {
			isa = PBXGroup;
			children = (
				9065867E1BBA678900F97F7B /* TreeView.swift */,
				906586801BBA834200F97F7B /* RefreshMountainHeaderView.swift */,
				906586831BBA968600F97F7B /* FlyRefreshView.swift */,
			);
			name = "Swfit-version";
			sourceTree = "<group>";
		};
		906D382F1B942D1B00665F3E = {
			isa = PBXGroup;
			children = (
				906D383A1B942D1B00665F3E /* FlyRefreshDemo */,
				906D38391B942D1B00665F3E /* Products */,
			);
			sourceTree = "<group>";
		};
		906D38391B942D1B00665F3E /* Products */ = {
			isa = PBXGroup;
			children = (
				906D38381B942D1B00665F3E /* FlyRefreshDemo.app */,
			);
			name = Products;
			sourceTree = "<group>";
		};
		906D383A1B942D1B00665F3E /* FlyRefreshDemo */ = {
			isa = PBXGroup;
			children = (
				906586821BBA906900F97F7B /* Swfit-version */,
				90625B111B9ED60200F056CE /* FlyRefreshView */,
				906D383F1B942D1B00665F3E /* AppDelegate.h */,
				906D38401B942D1B00665F3E /* AppDelegate.m */,
				906D38421B942D1B00665F3E /* ViewController.h */,
				906D38431B942D1B00665F3E /* ViewController.m */,
				906D38451B942D1B00665F3E /* Main.storyboard */,
				906D38481B942D1B00665F3E /* Images.xcassets */,
				906D384A1B942D1B00665F3E /* LaunchScreen.xib */,
				906D383B1B942D1B00665F3E /* Supporting Files */,
				90DA0D491BAFAA6B00EB811B /* CellDataEntity.h */,
				90DA0D4A1BAFAA6B00EB811B /* CellDataEntity.m */,
			);
			path = FlyRefreshDemo;
			sourceTree = "<group>";
		};
		906D383B1B942D1B00665F3E /* Supporting Files */ = {
			isa = PBXGroup;
			children = (
				906D383C1B942D1B00665F3E /* Info.plist */,
				906D383D1B942D1B00665F3E /* main.m */,
			);
			path = "Supporting Files";
			sourceTree = "<group>";
		};
/* End PBXGroup section */

/* Begin PBXNativeTarget section */
		906D38371B942D1B00665F3E /* FlyRefreshDemo */ = {
			isa = PBXNativeTarget;
			buildConfigurationList = 906D385B1B942D1B00665F3E /* Build configuration list for PBXNativeTarget "FlyRefreshDemo" */;
			buildPhases = (
				906D38341B942D1B00665F3E /* Sources */,
				906D38351B942D1B00665F3E /* Frameworks */,
				906D38361B942D1B00665F3E /* Resources */,
			);
			buildRules = (
			);
			dependencies = (
			);
			name = FlyRefreshDemo;
			productName = FlyRefreshDemo;
			productReference = 906D38381B942D1B00665F3E /* FlyRefreshDemo.app */;
			productType = "com.apple.product-type.application";
		};
/* End PBXNativeTarget section */

/* Begin PBXProject section */
		906D38301B942D1B00665F3E /* Project object */ = {
			isa = PBXProject;
			attributes = {
				LastSwiftUpdateCheck = 0700;
				LastUpgradeCheck = 0700;
				ORGANIZATIONNAME = ddaajing;
				TargetAttributes = {
					906D38371B942D1B00665F3E = {
						CreatedOnToolsVersion = 6.4;
						DevelopmentTeam = 58TC3AHZ4P;
					};
				};
			};
			buildConfigurationList = 906D38331B942D1B00665F3E /* Build configuration list for PBXProject "FlyRefreshDemo" */;
			compatibilityVersion = "Xcode 3.2";
			developmentRegion = English;
			hasScannedForEncodings = 0;
			knownRegions = (
				en,
				Base,
			);
			mainGroup = 906D382F1B942D1B00665F3E;
			productRefGroup = 906D38391B942D1B00665F3E /* Products */;
			projectDirPath = "";
			projectRoot = "";
			targets = (
				906D38371B942D1B00665F3E /* FlyRefreshDemo */,
			);
		};
/* End PBXProject section */

/* Begin PBXResourcesBuildPhase section */
		906D38361B942D1B00665F3E /* Resources */ = {
			isa = PBXResourcesBuildPhase;
			buildActionMask = 2147483647;
			files = (
				906D38471B942D1B00665F3E /* Main.storyboard in Resources */,
				906D384C1B942D1B00665F3E /* LaunchScreen.xib in Resources */,
				906D38491B942D1B00665F3E /* Images.xcassets in Resources */,
			);
			runOnlyForDeploymentPostprocessing = 0;
		};
/* End PBXResourcesBuildPhase section */

/* Begin PBXSourcesBuildPhase section */
		906D38341B942D1B00665F3E /* Sources */ = {
			isa = PBXSourcesBuildPhase;
			buildActionMask = 2147483647;
			files = (
				90DA0D4B1BAFAA6B00EB811B /* CellDataEntity.m in Sources */,
				9065867F1BBA678900F97F7B /* TreeView.swift in Sources */,
				906D38441B942D1B00665F3E /* ViewController.m in Sources */,
				906D38631B94391600665F3E /* RefreshMountainHeaderView.m in Sources */,
				906586811BBA834200F97F7B /* RefreshMountainHeaderView.swift in Sources */,
				908074FD1B9C3AC500DB00E7 /* TreeView.m in Sources */,
				906586841BBA968600F97F7B /* FlyRefreshView.swift in Sources */,
				908074FA1B9C1A5000DB00E7 /* FlyHeaderView.m in Sources */,
				906D38411B942D1B00665F3E /* AppDelegate.m in Sources */,
				906D383E1B942D1B00665F3E /* main.m in Sources */,
			);
			runOnlyForDeploymentPostprocessing = 0;
		};
/* End PBXSourcesBuildPhase section */

/* Begin PBXVariantGroup section */
		906D38451B942D1B00665F3E /* Main.storyboard */ = {
			isa = PBXVariantGroup;
			children = (
				906D38461B942D1B00665F3E /* Base */,
			);
			name = Main.storyboard;
			path = .;
			sourceTree = "<group>";
		};
		906D384A1B942D1B00665F3E /* LaunchScreen.xib */ = {
			isa = PBXVariantGroup;
			children = (
				906D384B1B942D1B00665F3E /* Base */,
			);
			name = LaunchScreen.xib;
			path = .;
			sourceTree = "<group>";
		};
/* End PBXVariantGroup section */

/* Begin XCBuildConfiguration section */
		906D38591B942D1B00665F3E /* Debug */ = {
			isa = XCBuildConfiguration;
			buildSettings = {
				ALWAYS_SEARCH_USER_PATHS = NO;
				CLANG_CXX_LANGUAGE_STANDARD = "gnu++0x";
				CLANG_CXX_LIBRARY = "libc++";
				CLANG_ENABLE_MODULES = YES;
				CLANG_ENABLE_OBJC_ARC = YES;
				CLANG_WARN_BOOL_CONVERSION = YES;
				CLANG_WARN_CONSTANT_CONVERSION = YES;
				CLANG_WARN_DIRECT_OBJC_ISA_USAGE = YES_ERROR;
				CLANG_WARN_EMPTY_BODY = YES;
				CLANG_WARN_ENUM_CONVERSION = YES;
				CLANG_WARN_INT_CONVERSION = YES;
				CLANG_WARN_OBJC_ROOT_CLASS = YES_ERROR;
				CLANG_WARN_UNREACHABLE_CODE = YES;
				CLANG_WARN__DUPLICATE_METHOD_MATCH = YES;
				"CODE_SIGN_IDENTITY[sdk=iphoneos*]" = "iPhone Developer";
				COPY_PHASE_STRIP = NO;
				DEBUG_INFORMATION_FORMAT = "dwarf-with-dsym";
				ENABLE_STRICT_OBJC_MSGSEND = YES;
				ENABLE_TESTABILITY = YES;
				GCC_C_LANGUAGE_STANDARD = gnu99;
				GCC_DYNAMIC_NO_PIC = NO;
				GCC_NO_COMMON_BLOCKS = YES;
				GCC_OPTIMIZATION_LEVEL = 0;
				GCC_PREPROCESSOR_DEFINITIONS = (
					"DEBUG=1",
					"$(inherited)",
				);
				GCC_SYMBOLS_PRIVATE_EXTERN = NO;
				GCC_WARN_64_TO_32_BIT_CONVERSION = YES;
				GCC_WARN_ABOUT_RETURN_TYPE = YES_ERROR;
				GCC_WARN_UNDECLARED_SELECTOR = YES;
				GCC_WARN_UNINITIALIZED_AUTOS = YES_AGGRESSIVE;
				GCC_WARN_UNUSED_FUNCTION = YES;
				GCC_WARN_UNUSED_VARIABLE = YES;
				IPHONEOS_DEPLOYMENT_TARGET = 9.0;
				MTL_ENABLE_DEBUG_INFO = YES;
				ONLY_ACTIVE_ARCH = YES;
				SDKROOT = iphoneos;
			};
			name = Debug;
		};
		906D385A1B942D1B00665F3E /* Release */ = {
			isa = XCBuildConfiguration;
			buildSettings = {
				ALWAYS_SEARCH_USER_PATHS = NO;
				CLANG_CXX_LANGUAGE_STANDARD = "gnu++0x";
				CLANG_CXX_LIBRARY = "libc++";
				CLANG_ENABLE_MODULES = YES;
				CLANG_ENABLE_OBJC_ARC = YES;
				CLANG_WARN_BOOL_CONVERSION = YES;
				CLANG_WARN_CONSTANT_CONVERSION = YES;
				CLANG_WARN_DIRECT_OBJC_ISA_USAGE = YES_ERROR;
				CLANG_WARN_EMPTY_BODY = YES;
				CLANG_WARN_ENUM_CONVERSION = YES;
				CLANG_WARN_INT_CONVERSION = YES;
				CLANG_WARN_OBJC_ROOT_CLASS = YES_ERROR;
				CLANG_WARN_UNREACHABLE_CODE = YES;
				CLANG_WARN__DUPLICATE_METHOD_MATCH = YES;
				"CODE_SIGN_IDENTITY[sdk=iphoneos*]" = "iPhone Developer";
				COPY_PHASE_STRIP = NO;
				DEBUG_INFORMATION_FORMAT = "dwarf-with-dsym";
				ENABLE_NS_ASSERTIONS = NO;
				ENABLE_STRICT_OBJC_MSGSEND = YES;
				GCC_C_LANGUAGE_STANDARD = gnu99;
				GCC_NO_COMMON_BLOCKS = YES;
				GCC_WARN_64_TO_32_BIT_CONVERSION = YES;
				GCC_WARN_ABOUT_RETURN_TYPE = YES_ERROR;
				GCC_WARN_UNDECLARED_SELECTOR = YES;
				GCC_WARN_UNINITIALIZED_AUTOS = YES_AGGRESSIVE;
				GCC_WARN_UNUSED_FUNCTION = YES;
				GCC_WARN_UNUSED_VARIABLE = YES;
				IPHONEOS_DEPLOYMENT_TARGET = 9.0;
				MTL_ENABLE_DEBUG_INFO = NO;
				SDKROOT = iphoneos;
				VALIDATE_PRODUCT = YES;
			};
			name = Release;
		};
		906D385C1B942D1B00665F3E /* Debug */ = {
			isa = XCBuildConfiguration;
			buildSettings = {
				ASSETCATALOG_COMPILER_APPICON_NAME = AppIcon;
				CLANG_ENABLE_MODULES = YES;
				CODE_SIGN_IDENTITY = "iPhone Developer";
				INFOPLIST_FILE = "FlyRefreshDemo/Supporting Files/Info.plist";
				IPHONEOS_DEPLOYMENT_TARGET = 9.0;
				LD_RUNPATH_SEARCH_PATHS = "$(inherited) @executable_path/Frameworks";
				PRODUCT_BUNDLE_IDENTIFIER = "d.$(PRODUCT_NAME:rfc1034identifier)";
				PRODUCT_NAME = "$(TARGET_NAME)";
				SWIFT_OPTIMIZATION_LEVEL = "-Onone";
			};
			name = Debug;
		};
		906D385D1B942D1B00665F3E /* Release */ = {
			isa = XCBuildConfiguration;
			buildSettings = {
				ASSETCATALOG_COMPILER_APPICON_NAME = AppIcon;
				CLANG_ENABLE_MODULES = YES;
				CODE_SIGN_IDENTITY = "iPhone Developer";
				INFOPLIST_FILE = "FlyRefreshDemo/Supporting Files/Info.plist";
				IPHONEOS_DEPLOYMENT_TARGET = 9.0;
				LD_RUNPATH_SEARCH_PATHS = "$(inherited) @executable_path/Frameworks";
				PRODUCT_BUNDLE_IDENTIFIER = "d.$(PRODUCT_NAME:rfc1034identifier)";
				PRODUCT_NAME = "$(TARGET_NAME)";
			};
			name = Release;
		};
/* End XCBuildConfiguration section */

/* Begin XCConfigurationList section */
		906D38331B942D1B00665F3E /* Build configuration list for PBXProject "FlyRefreshDemo" */ = {
			isa = XCConfigurationList;
			buildConfigurations = (
				906D38591B942D1B00665F3E /* Debug */,
				906D385A1B942D1B00665F3E /* Release */,
			);
			defaultConfigurationIsVisible = 0;
			defaultConfigurationName = Release;
		};
		906D385B1B942D1B00665F3E /* Build configuration list for PBXNativeTarget "FlyRefreshDemo" */ = {
			isa = XCConfigurationList;
			buildConfigurations = (
				906D385C1B942D1B00665F3E /* Debug */,
				906D385D1B942D1B00665F3E /* Release */,
			);
			defaultConfigurationIsVisible = 0;
			defaultConfigurationName = Release;
		};
/* End XCConfigurationList section */
	};
	rootObject = 906D38301B942D1B00665F3E /* Project object */;
}
